
Microsoft Visual Studio Solution File, Format Version 12.00
# Visual Studio 15
VisualStudioVersion = 15.0.28307.572
MinimumVisualStudioVersion = 10.0.40219.1
Project("{FAE04EC0-301F-11D3-BF4B-00C04F79EFBC}") = "1000_zadach_po_programmirovaniyu_IF_ELSE", "1000_zadach_po_programmirovaniyu_IF_ELSE\1000_zadach_po_programmirovaniyu_IF_ELSE.csproj", "{727964EC-F60E-4C55-8829-6B75A0ABFB87}"
EndProject
Project("{FAE04EC0-301F-11D3-BF4B-00C04F79EFBC}") = "001_IF", "001_IF\001_IF.csproj", "{E18641E5-2306-43D2-BEE1-CF49F96F1ADF}"
EndProject
Project("{FAE04EC0-301F-11D3-BF4B-00C04F79EFBC}") = "002_IF", "002_IF\002_IF.csproj", "{3C3BFDC5-6887-4AD5-8727-2B6F966834ED}"
EndProject
Project("{FAE04EC0-301F-11D3-BF4B-00C04F79EFBC}") = "003_IF", "003_IF\003_IF.csproj", "{A0F906B7-D0F6-4993-9772-2BADC339229D}"
EndProject
Project("{FAE04EC0-301F-11D3-BF4B-00C04F79EFBC}") = "004_IF", "004_IF\004_IF.csproj", "{3245D08F-BB69-40E5-B84A-E1869AAD4602}"
EndProject
Project("{FAE04EC0-301F-11D3-BF4B-00C04F79EFBC}") = "005_IF", "005_IF\005_IF.csproj", "{C9D9CF81-E02F-46FC-B65C-6B5C6DDAA733}"
EndProject
Global
	GlobalSection(SolutionConfigurationPlatforms) = preSolution
		Debug|Any CPU = Debug|Any CPU
		Release|Any CPU = Release|Any CPU
	EndGlobalSection
	GlobalSection(ProjectConfigurationPlatforms) = postSolution
		{727964EC-F60E-4C55-8829-6B75A0ABFB87}.Debug|Any CPU.ActiveCfg = Debug|Any CPU
		{727964EC-F60E-4C55-8829-6B75A0ABFB87}.Debug|Any CPU.Build.0 = Debug|Any CPU
		{727964EC-F60E-4C55-8829-6B75A0ABFB87}.Release|Any CPU.ActiveCfg = Release|Any CPU
		{727964EC-F60E-4C55-8829-6B75A0ABFB87}.Release|Any CPU.Build.0 = Release|Any CPU
		{E18641E5-2306-43D2-BEE1-CF49F96F1ADF}.Debug|Any CPU.ActiveCfg = Debug|Any CPU
		{E18641E5-2306-43D2-BEE1-CF49F96F1ADF}.Debug|Any CPU.Build.0 = Debug|Any CPU
		{E18641E5-2306-43D2-BEE1-CF49F96F1ADF}.Release|Any CPU.ActiveCfg = Release|Any CPU
		{E18641E5-2306-43D2-BEE1-CF49F96F1ADF}.Release|Any CPU.Build.0 = Release|Any CPU
		{3C3BFDC5-6887-4AD5-8727-2B6F966834ED}.Debug|Any CPU.ActiveCfg = Debug|Any CPU
		{3C3BFDC5-6887-4AD5-8727-2B6F966834ED}.Debug|Any CPU.Build.0 = Debug|Any CPU
		{3C3BFDC5-6887-4AD5-8727-2B6F966834ED}.Release|Any CPU.ActiveCfg = Release|Any CPU
		{3C3BFDC5-6887-4AD5-8727-2B6F966834ED}.Release|Any CPU.Build.0 = Release|Any CPU
		{A0F906B7-D0F6-4993-9772-2BADC339229D}.Debug|Any CPU.ActiveCfg = Debug|Any CPU
		{A0F906B7-D0F6-4993-9772-2BADC339229D}.Debug|Any CPU.Build.0 = Debug|Any CPU
		{A0F906B7-D0F6-4993-9772-2BADC339229D}.Release|Any CPU.ActiveCfg = Release|Any CPU
		{A0F906B7-D0F6-4993-9772-2BADC339229D}.Release|Any CPU.Build.0 = Release|Any CPU
		{3245D08F-BB69-40E5-B84A-E1869AAD4602}.Debug|Any CPU.ActiveCfg = Debug|Any CPU
		{3245D08F-BB69-40E5-B84A-E1869AAD4602}.Debug|Any CPU.Build.0 = Debug|Any CPU
		{3245D08F-BB69-40E5-B84A-E1869AAD4602}.Release|Any CPU.ActiveCfg = Release|Any CPU
		{3245D08F-BB69-40E5-B84A-E1869AAD4602}.Release|Any CPU.Build.0 = Release|Any CPU
		{C9D9CF81-E02F-46FC-B65C-6B5C6DDAA733}.Debug|Any CPU.ActiveCfg = Debug|Any CPU
		{C9D9CF81-E02F-46FC-B65C-6B5C6DDAA733}.Debug|Any CPU.Build.0 = Debug|Any CPU
		{C9D9CF81-E02F-46FC-B65C-6B5C6DDAA733}.Release|Any CPU.ActiveCfg = Release|Any CPU
		{C9D9CF81-E02F-46FC-B65C-6B5C6DDAA733}.Release|Any CPU.Build.0 = Release|Any CPU
	EndGlobalSection
	GlobalSection(SolutionProperties) = preSolution
		HideSolutionNode = FALSE
	EndGlobalSection
	GlobalSection(ExtensibilityGlobals) = postSolution
		SolutionGuid = {C3E47358-0ADA-4B03-A741-5F7460B45C51}
	EndGlobalSection
EndGlobal
