
Microsoft Visual Studio Solution File, Format Version 12.00
# Visual Studio 15
VisualStudioVersion = 15.0.28307.572
MinimumVisualStudioVersion = 10.0.40219.1
Project("{FAE04EC0-301F-11D3-BF4B-00C04F79EFBC}") = "1000_zadach_po_programmirovaniyu_IF_ELSE", "1000_zadach_po_programmirovaniyu_IF_ELSE\1000_zadach_po_programmirovaniyu_IF_ELSE.csproj", "{727964EC-F60E-4C55-8829-6B75A0ABFB87}"
EndProject
Project("{FAE04EC0-301F-11D3-BF4B-00C04F79EFBC}") = "001_IF", "001_IF\001_IF.csproj", "{E18641E5-2306-43D2-BEE1-CF49F96F1ADF}"
EndProject
Project("{FAE04EC0-301F-11D3-BF4B-00C04F79EFBC}") = "002_IF", "002_IF\002_IF.csproj", "{3C3BFDC5-6887-4AD5-8727-2B6F966834ED}"
EndProject
Project("{FAE04EC0-301F-11D3-BF4B-00C04F79EFBC}") = "003_IF", "003_IF\003_IF.csproj", "{A0F906B7-D0F6-4993-9772-2BADC339229D}"
EndProject
Project("{FAE04EC0-301F-11D3-BF4B-00C04F79EFBC}") = "004_IF", "004_IF\004_IF.csproj", "{3245D08F-BB69-40E5-B84A-E1869AAD4602}"
EndProject
Project("{FAE04EC0-301F-11D3-BF4B-00C04F79EFBC}") = "005_IF", "005_IF\005_IF.csproj", "{C9D9CF81-E02F-46FC-B65C-6B5C6DDAA733}"
EndProject
Project("{FAE04EC0-301F-11D3-BF4B-00C04F79EFBC}") = "006_IF", "006_IF\006_IF.csproj", "{B8142B47-FBA9-4492-ABEB-DB40B75939A8}"
EndProject
Project("{FAE04EC0-301F-11D3-BF4B-00C04F79EFBC}") = "007_IF", "007_IF\007_IF.csproj", "{B4E6E55D-1E4E-4CB6-870C-73EF9A3DAD30}"
EndProject
Project("{FAE04EC0-301F-11D3-BF4B-00C04F79EFBC}") = "008_IF", "008_IF\008_IF.csproj", "{93440000-CABA-46A1-AADB-B51D514921CC}"
EndProject
Project("{FAE04EC0-301F-11D3-BF4B-00C04F79EFBC}") = "009_IF", "009_IF\009_IF.csproj", "{EB70EC40-A09D-40D5-B64B-874CB4DC9FD8}"
EndProject
Project("{FAE04EC0-301F-11D3-BF4B-00C04F79EFBC}") = "010_IF", "010_IF\010_IF.csproj", "{95D26D72-049C-4415-ABEF-21306CE6A62A}"
EndProject
Project("{FAE04EC0-301F-11D3-BF4B-00C04F79EFBC}") = "011_IF", "011_IF\011_IF.csproj", "{946EC2D0-706F-4152-A4F0-C48D01F26DDE}"
EndProject
Project("{FAE04EC0-301F-11D3-BF4B-00C04F79EFBC}") = "012_IF", "012_IF\012_IF.csproj", "{BFC6A240-009F-4977-A49B-113D544F30BA}"
EndProject
Project("{FAE04EC0-301F-11D3-BF4B-00C04F79EFBC}") = "013_IF", "013_IF\013_IF.csproj", "{9D897824-E692-463A-985D-ED987A68E988}"
EndProject
Project("{FAE04EC0-301F-11D3-BF4B-00C04F79EFBC}") = "014_IF", "014_IF\014_IF.csproj", "{26A5FFFF-3335-45A0-B30E-531980F1E27A}"
EndProject
Project("{FAE04EC0-301F-11D3-BF4B-00C04F79EFBC}") = "015_IF", "015_IF\015_IF.csproj", "{0AFE4BE1-5A09-494C-B333-EDBEAA74C983}"
EndProject
Project("{FAE04EC0-301F-11D3-BF4B-00C04F79EFBC}") = "016_IF", "016_IF\016_IF.csproj", "{6713E1AC-9E69-433F-A653-A092E5F11530}"
EndProject
Project("{FAE04EC0-301F-11D3-BF4B-00C04F79EFBC}") = "017_IF", "017_IF\017_IF.csproj", "{D57C2D4B-6F29-41D8-A69A-22EBF8FEB686}"
EndProject
Project("{FAE04EC0-301F-11D3-BF4B-00C04F79EFBC}") = "018_IF", "018_IF\018_IF.csproj", "{6C0B636D-DD41-41D2-9EFC-1A641D127DD2}"
EndProject
Project("{FAE04EC0-301F-11D3-BF4B-00C04F79EFBC}") = "019_IF", "019_IF\019_IF.csproj", "{FB708258-3282-4542-ABA0-72F102C36EAB}"
EndProject
Project("{FAE04EC0-301F-11D3-BF4B-00C04F79EFBC}") = "020_IF", "020_IF\020_IF.csproj", "{8AB0A44F-65C7-445B-9612-3E78F95257AF}"
EndProject
Project("{FAE04EC0-301F-11D3-BF4B-00C04F79EFBC}") = "021_IF", "021_IF\021_IF.csproj", "{30559090-03E8-44C1-AFDA-9AB952B2ED6C}"
EndProject
Project("{FAE04EC0-301F-11D3-BF4B-00C04F79EFBC}") = "022_IF", "022_IF\022_IF.csproj", "{E346B133-D864-457B-81AA-ED1E99816E82}"
EndProject
Global
	GlobalSection(SolutionConfigurationPlatforms) = preSolution
		Debug|Any CPU = Debug|Any CPU
		Release|Any CPU = Release|Any CPU
	EndGlobalSection
	GlobalSection(ProjectConfigurationPlatforms) = postSolution
		{727964EC-F60E-4C55-8829-6B75A0ABFB87}.Debug|Any CPU.ActiveCfg = Debug|Any CPU
		{727964EC-F60E-4C55-8829-6B75A0ABFB87}.Debug|Any CPU.Build.0 = Debug|Any CPU
		{727964EC-F60E-4C55-8829-6B75A0ABFB87}.Release|Any CPU.ActiveCfg = Release|Any CPU
		{727964EC-F60E-4C55-8829-6B75A0ABFB87}.Release|Any CPU.Build.0 = Release|Any CPU
		{E18641E5-2306-43D2-BEE1-CF49F96F1ADF}.Debug|Any CPU.ActiveCfg = Debug|Any CPU
		{E18641E5-2306-43D2-BEE1-CF49F96F1ADF}.Debug|Any CPU.Build.0 = Debug|Any CPU
		{E18641E5-2306-43D2-BEE1-CF49F96F1ADF}.Release|Any CPU.ActiveCfg = Release|Any CPU
		{E18641E5-2306-43D2-BEE1-CF49F96F1ADF}.Release|Any CPU.Build.0 = Release|Any CPU
		{3C3BFDC5-6887-4AD5-8727-2B6F966834ED}.Debug|Any CPU.ActiveCfg = Debug|Any CPU
		{3C3BFDC5-6887-4AD5-8727-2B6F966834ED}.Debug|Any CPU.Build.0 = Debug|Any CPU
		{3C3BFDC5-6887-4AD5-8727-2B6F966834ED}.Release|Any CPU.ActiveCfg = Release|Any CPU
		{3C3BFDC5-6887-4AD5-8727-2B6F966834ED}.Release|Any CPU.Build.0 = Release|Any CPU
		{A0F906B7-D0F6-4993-9772-2BADC339229D}.Debug|Any CPU.ActiveCfg = Debug|Any CPU
		{A0F906B7-D0F6-4993-9772-2BADC339229D}.Debug|Any CPU.Build.0 = Debug|Any CPU
		{A0F906B7-D0F6-4993-9772-2BADC339229D}.Release|Any CPU.ActiveCfg = Release|Any CPU
		{A0F906B7-D0F6-4993-9772-2BADC339229D}.Release|Any CPU.Build.0 = Release|Any CPU
		{3245D08F-BB69-40E5-B84A-E1869AAD4602}.Debug|Any CPU.ActiveCfg = Debug|Any CPU
		{3245D08F-BB69-40E5-B84A-E1869AAD4602}.Debug|Any CPU.Build.0 = Debug|Any CPU
		{3245D08F-BB69-40E5-B84A-E1869AAD4602}.Release|Any CPU.ActiveCfg = Release|Any CPU
		{3245D08F-BB69-40E5-B84A-E1869AAD4602}.Release|Any CPU.Build.0 = Release|Any CPU
		{C9D9CF81-E02F-46FC-B65C-6B5C6DDAA733}.Debug|Any CPU.ActiveCfg = Debug|Any CPU
		{C9D9CF81-E02F-46FC-B65C-6B5C6DDAA733}.Debug|Any CPU.Build.0 = Debug|Any CPU
		{C9D9CF81-E02F-46FC-B65C-6B5C6DDAA733}.Release|Any CPU.ActiveCfg = Release|Any CPU
		{C9D9CF81-E02F-46FC-B65C-6B5C6DDAA733}.Release|Any CPU.Build.0 = Release|Any CPU
		{B8142B47-FBA9-4492-ABEB-DB40B75939A8}.Debug|Any CPU.ActiveCfg = Debug|Any CPU
		{B8142B47-FBA9-4492-ABEB-DB40B75939A8}.Debug|Any CPU.Build.0 = Debug|Any CPU
		{B8142B47-FBA9-4492-ABEB-DB40B75939A8}.Release|Any CPU.ActiveCfg = Release|Any CPU
		{B8142B47-FBA9-4492-ABEB-DB40B75939A8}.Release|Any CPU.Build.0 = Release|Any CPU
		{B4E6E55D-1E4E-4CB6-870C-73EF9A3DAD30}.Debug|Any CPU.ActiveCfg = Debug|Any CPU
		{B4E6E55D-1E4E-4CB6-870C-73EF9A3DAD30}.Debug|Any CPU.Build.0 = Debug|Any CPU
		{B4E6E55D-1E4E-4CB6-870C-73EF9A3DAD30}.Release|Any CPU.ActiveCfg = Release|Any CPU
		{B4E6E55D-1E4E-4CB6-870C-73EF9A3DAD30}.Release|Any CPU.Build.0 = Release|Any CPU
		{93440000-CABA-46A1-AADB-B51D514921CC}.Debug|Any CPU.ActiveCfg = Debug|Any CPU
		{93440000-CABA-46A1-AADB-B51D514921CC}.Debug|Any CPU.Build.0 = Debug|Any CPU
		{93440000-CABA-46A1-AADB-B51D514921CC}.Release|Any CPU.ActiveCfg = Release|Any CPU
		{93440000-CABA-46A1-AADB-B51D514921CC}.Release|Any CPU.Build.0 = Release|Any CPU
		{EB70EC40-A09D-40D5-B64B-874CB4DC9FD8}.Debug|Any CPU.ActiveCfg = Debug|Any CPU
		{EB70EC40-A09D-40D5-B64B-874CB4DC9FD8}.Debug|Any CPU.Build.0 = Debug|Any CPU
		{EB70EC40-A09D-40D5-B64B-874CB4DC9FD8}.Release|Any CPU.ActiveCfg = Release|Any CPU
		{EB70EC40-A09D-40D5-B64B-874CB4DC9FD8}.Release|Any CPU.Build.0 = Release|Any CPU
		{95D26D72-049C-4415-ABEF-21306CE6A62A}.Debug|Any CPU.ActiveCfg = Debug|Any CPU
		{95D26D72-049C-4415-ABEF-21306CE6A62A}.Debug|Any CPU.Build.0 = Debug|Any CPU
		{95D26D72-049C-4415-ABEF-21306CE6A62A}.Release|Any CPU.ActiveCfg = Release|Any CPU
		{95D26D72-049C-4415-ABEF-21306CE6A62A}.Release|Any CPU.Build.0 = Release|Any CPU
		{946EC2D0-706F-4152-A4F0-C48D01F26DDE}.Debug|Any CPU.ActiveCfg = Debug|Any CPU
		{946EC2D0-706F-4152-A4F0-C48D01F26DDE}.Debug|Any CPU.Build.0 = Debug|Any CPU
		{946EC2D0-706F-4152-A4F0-C48D01F26DDE}.Release|Any CPU.ActiveCfg = Release|Any CPU
		{946EC2D0-706F-4152-A4F0-C48D01F26DDE}.Release|Any CPU.Build.0 = Release|Any CPU
		{BFC6A240-009F-4977-A49B-113D544F30BA}.Debug|Any CPU.ActiveCfg = Debug|Any CPU
		{BFC6A240-009F-4977-A49B-113D544F30BA}.Debug|Any CPU.Build.0 = Debug|Any CPU
		{BFC6A240-009F-4977-A49B-113D544F30BA}.Release|Any CPU.ActiveCfg = Release|Any CPU
		{BFC6A240-009F-4977-A49B-113D544F30BA}.Release|Any CPU.Build.0 = Release|Any CPU
		{9D897824-E692-463A-985D-ED987A68E988}.Debug|Any CPU.ActiveCfg = Debug|Any CPU
		{9D897824-E692-463A-985D-ED987A68E988}.Debug|Any CPU.Build.0 = Debug|Any CPU
		{9D897824-E692-463A-985D-ED987A68E988}.Release|Any CPU.ActiveCfg = Release|Any CPU
		{9D897824-E692-463A-985D-ED987A68E988}.Release|Any CPU.Build.0 = Release|Any CPU
		{26A5FFFF-3335-45A0-B30E-531980F1E27A}.Debug|Any CPU.ActiveCfg = Debug|Any CPU
		{26A5FFFF-3335-45A0-B30E-531980F1E27A}.Debug|Any CPU.Build.0 = Debug|Any CPU
		{26A5FFFF-3335-45A0-B30E-531980F1E27A}.Release|Any CPU.ActiveCfg = Release|Any CPU
		{26A5FFFF-3335-45A0-B30E-531980F1E27A}.Release|Any CPU.Build.0 = Release|Any CPU
		{0AFE4BE1-5A09-494C-B333-EDBEAA74C983}.Debug|Any CPU.ActiveCfg = Debug|Any CPU
		{0AFE4BE1-5A09-494C-B333-EDBEAA74C983}.Debug|Any CPU.Build.0 = Debug|Any CPU
		{0AFE4BE1-5A09-494C-B333-EDBEAA74C983}.Release|Any CPU.ActiveCfg = Release|Any CPU
		{0AFE4BE1-5A09-494C-B333-EDBEAA74C983}.Release|Any CPU.Build.0 = Release|Any CPU
		{6713E1AC-9E69-433F-A653-A092E5F11530}.Debug|Any CPU.ActiveCfg = Debug|Any CPU
		{6713E1AC-9E69-433F-A653-A092E5F11530}.Debug|Any CPU.Build.0 = Debug|Any CPU
		{6713E1AC-9E69-433F-A653-A092E5F11530}.Release|Any CPU.ActiveCfg = Release|Any CPU
		{6713E1AC-9E69-433F-A653-A092E5F11530}.Release|Any CPU.Build.0 = Release|Any CPU
		{D57C2D4B-6F29-41D8-A69A-22EBF8FEB686}.Debug|Any CPU.ActiveCfg = Debug|Any CPU
		{D57C2D4B-6F29-41D8-A69A-22EBF8FEB686}.Debug|Any CPU.Build.0 = Debug|Any CPU
		{D57C2D4B-6F29-41D8-A69A-22EBF8FEB686}.Release|Any CPU.ActiveCfg = Release|Any CPU
		{D57C2D4B-6F29-41D8-A69A-22EBF8FEB686}.Release|Any CPU.Build.0 = Release|Any CPU
		{6C0B636D-DD41-41D2-9EFC-1A641D127DD2}.Debug|Any CPU.ActiveCfg = Debug|Any CPU
		{6C0B636D-DD41-41D2-9EFC-1A641D127DD2}.Debug|Any CPU.Build.0 = Debug|Any CPU
		{6C0B636D-DD41-41D2-9EFC-1A641D127DD2}.Release|Any CPU.ActiveCfg = Release|Any CPU
		{6C0B636D-DD41-41D2-9EFC-1A641D127DD2}.Release|Any CPU.Build.0 = Release|Any CPU
		{FB708258-3282-4542-ABA0-72F102C36EAB}.Debug|Any CPU.ActiveCfg = Debug|Any CPU
		{FB708258-3282-4542-ABA0-72F102C36EAB}.Debug|Any CPU.Build.0 = Debug|Any CPU
		{FB708258-3282-4542-ABA0-72F102C36EAB}.Release|Any CPU.ActiveCfg = Release|Any CPU
		{FB708258-3282-4542-ABA0-72F102C36EAB}.Release|Any CPU.Build.0 = Release|Any CPU
		{8AB0A44F-65C7-445B-9612-3E78F95257AF}.Debug|Any CPU.ActiveCfg = Debug|Any CPU
		{8AB0A44F-65C7-445B-9612-3E78F95257AF}.Debug|Any CPU.Build.0 = Debug|Any CPU
		{8AB0A44F-65C7-445B-9612-3E78F95257AF}.Release|Any CPU.ActiveCfg = Release|Any CPU
		{8AB0A44F-65C7-445B-9612-3E78F95257AF}.Release|Any CPU.Build.0 = Release|Any CPU
		{30559090-03E8-44C1-AFDA-9AB952B2ED6C}.Debug|Any CPU.ActiveCfg = Debug|Any CPU
		{30559090-03E8-44C1-AFDA-9AB952B2ED6C}.Debug|Any CPU.Build.0 = Debug|Any CPU
		{30559090-03E8-44C1-AFDA-9AB952B2ED6C}.Release|Any CPU.ActiveCfg = Release|Any CPU
		{30559090-03E8-44C1-AFDA-9AB952B2ED6C}.Release|Any CPU.Build.0 = Release|Any CPU
		{E346B133-D864-457B-81AA-ED1E99816E82}.Debug|Any CPU.ActiveCfg = Debug|Any CPU
		{E346B133-D864-457B-81AA-ED1E99816E82}.Debug|Any CPU.Build.0 = Debug|Any CPU
		{E346B133-D864-457B-81AA-ED1E99816E82}.Release|Any CPU.ActiveCfg = Release|Any CPU
		{E346B133-D864-457B-81AA-ED1E99816E82}.Release|Any CPU.Build.0 = Release|Any CPU
	EndGlobalSection
	GlobalSection(SolutionProperties) = preSolution
		HideSolutionNode = FALSE
	EndGlobalSection
	GlobalSection(ExtensibilityGlobals) = postSolution
		SolutionGuid = {C3E47358-0ADA-4B03-A741-5F7460B45C51}
	EndGlobalSection
EndGlobal
